
Microsoft Visual Studio Solution File, Format Version 12.00
# Visual Studio Version 17
VisualStudioVersion = 17.9.34622.214
MinimumVisualStudioVersion = 10.0.40219.1
Project("{FAE04EC0-301F-11D3-BF4B-00C04F79EFBC}") = "UserProject", "UserProject\UserProject.csproj", "{456CA19C-8A99-41FE-9557-677885FAC87B}"
EndProject
Global
	GlobalSection(SolutionConfigurationPlatforms) = preSolution
		Debug|Any CPU = Debug|Any CPU
		Release|Any CPU = Release|Any CPU
	EndGlobalSection
	GlobalSection(ProjectConfigurationPlatforms) = postSolution
		{456CA19C-8A99-41FE-9557-677885FAC87B}.Debug|Any CPU.ActiveCfg = Debug|Any CPU
		{456CA19C-8A99-41FE-9557-677885FAC87B}.Debug|Any CPU.Build.0 = Debug|Any CPU
		{456CA19C-8A99-41FE-9557-677885FAC87B}.Release|Any CPU.ActiveCfg = Release|Any CPU
		{456CA19C-8A99-41FE-9557-677885FAC87B}.Release|Any CPU.Build.0 = Release|Any CPU
	EndGlobalSection
	GlobalSection(SolutionProperties) = preSolution
		HideSolutionNode = FALSE
	EndGlobalSection
	GlobalSection(ExtensibilityGlobals) = postSolution
		SolutionGuid = {80647CA5-F077-46A0-A514-02E6EE64A37F}
	EndGlobalSection
EndGlobal
